// !$*UTF8*$!
{
	archiveVersion = 1;
	classes = {
	};
	objectVersion = 56;
	objects = {

/* Begin PBXBuildFile section */
		5930183A2BF38567004286BF /* TinderTutorialApp.swift in Sources */ = {isa = PBXBuildFile; fileRef = 593018392BF38567004286BF /* TinderTutorialApp.swift */; };
		5930183C2BF38567004286BF /* ContentView.swift in Sources */ = {isa = PBXBuildFile; fileRef = 5930183B2BF38567004286BF /* ContentView.swift */; };
		5930183E2BF38569004286BF /* Assets.xcassets in Resources */ = {isa = PBXBuildFile; fileRef = 5930183D2BF38569004286BF /* Assets.xcassets */; };
		593018412BF38569004286BF /* Preview Assets.xcassets in Resources */ = {isa = PBXBuildFile; fileRef = 593018402BF38569004286BF /* Preview Assets.xcassets */; };
		593018522BF38708004286BF /* MainTabView.swift in Sources */ = {isa = PBXBuildFile; fileRef = 593018512BF38708004286BF /* MainTabView.swift */; };
		59B3EA7E2BFBF46600B4EB07 /* CardView.swift in Sources */ = {isa = PBXBuildFile; fileRef = 59B3EA7D2BFBF46600B4EB07 /* CardView.swift */; };
		59BEC1732BFC67E300137C2E /* UserInfoView.swift in Sources */ = {isa = PBXBuildFile; fileRef = 59BEC1722BFC67E300137C2E /* UserInfoView.swift */; };
		59BEC1752BFC826E00137C2E /* SwipeActionIndirecator.swift in Sources */ = {isa = PBXBuildFile; fileRef = 59BEC1742BFC826E00137C2E /* SwipeActionIndirecator.swift */; };
		59BEC1782BFC9EA100137C2E /* SizeConstants.swift in Sources */ = {isa = PBXBuildFile; fileRef = 59BEC1772BFC9EA100137C2E /* SizeConstants.swift */; };
		59BEC17A2BFCA45400137C2E /* ImageScrollingOverlay.swift in Sources */ = {isa = PBXBuildFile; fileRef = 59BEC1792BFCA45400137C2E /* ImageScrollingOverlay.swift */; };
		59BEC17C2BFCCA5400137C2E /* CardImageIndicator.swift in Sources */ = {isa = PBXBuildFile; fileRef = 59BEC17B2BFCCA5400137C2E /* CardImageIndicator.swift */; };
		59BEC17E2BFDFF2800137C2E /* CardStackView.swift in Sources */ = {isa = PBXBuildFile; fileRef = 59BEC17D2BFDFF2800137C2E /* CardStackView.swift */; };
		59BEC1822BFEA3F100137C2E /* User.swift in Sources */ = {isa = PBXBuildFile; fileRef = 59BEC1812BFEA3F100137C2E /* User.swift */; };
		59BEC1852BFEA4F200137C2E /* CardModel.swift in Sources */ = {isa = PBXBuildFile; fileRef = 59BEC1842BFEA4F200137C2E /* CardModel.swift */; };
		59BEC1882BFF65C800137C2E /* CardViewModel.swift in Sources */ = {isa = PBXBuildFile; fileRef = 59BEC1872BFF65C800137C2E /* CardViewModel.swift */; };
		59BEC18B2BFF68AD00137C2E /* CardService.swift in Sources */ = {isa = PBXBuildFile; fileRef = 59BEC18A2BFF68AD00137C2E /* CardService.swift */; };
		59BEC18E2BFF6CCB00137C2E /* MockData.swift in Sources */ = {isa = PBXBuildFile; fileRef = 59BEC18D2BFF6CCB00137C2E /* MockData.swift */; };
/* End PBXBuildFile section */

/* Begin PBXFileReference section */
		593018362BF38567004286BF /* TinderTutorial.app */ = {isa = PBXFileReference; explicitFileType = wrapper.application; includeInIndex = 0; path = TinderTutorial.app; sourceTree = BUILT_PRODUCTS_DIR; };
		593018392BF38567004286BF /* TinderTutorialApp.swift */ = {isa = PBXFileReference; lastKnownFileType = sourcecode.swift; path = TinderTutorialApp.swift; sourceTree = "<group>"; };
		5930183B2BF38567004286BF /* ContentView.swift */ = {isa = PBXFileReference; lastKnownFileType = sourcecode.swift; path = ContentView.swift; sourceTree = "<group>"; };
		5930183D2BF38569004286BF /* Assets.xcassets */ = {isa = PBXFileReference; lastKnownFileType = folder.assetcatalog; path = Assets.xcassets; sourceTree = "<group>"; };
		593018402BF38569004286BF /* Preview Assets.xcassets */ = {isa = PBXFileReference; lastKnownFileType = folder.assetcatalog; path = "Preview Assets.xcassets"; sourceTree = "<group>"; };
		593018512BF38708004286BF /* MainTabView.swift */ = {isa = PBXFileReference; lastKnownFileType = sourcecode.swift; path = MainTabView.swift; sourceTree = "<group>"; };
		59B3EA7D2BFBF46600B4EB07 /* CardView.swift */ = {isa = PBXFileReference; lastKnownFileType = sourcecode.swift; path = CardView.swift; sourceTree = "<group>"; };
		59BEC1722BFC67E300137C2E /* UserInfoView.swift */ = {isa = PBXFileReference; lastKnownFileType = sourcecode.swift; path = UserInfoView.swift; sourceTree = "<group>"; };
		59BEC1742BFC826E00137C2E /* SwipeActionIndirecator.swift */ = {isa = PBXFileReference; lastKnownFileType = sourcecode.swift; path = SwipeActionIndirecator.swift; sourceTree = "<group>"; };
		59BEC1772BFC9EA100137C2E /* SizeConstants.swift */ = {isa = PBXFileReference; lastKnownFileType = sourcecode.swift; path = SizeConstants.swift; sourceTree = "<group>"; };
		59BEC1792BFCA45400137C2E /* ImageScrollingOverlay.swift */ = {isa = PBXFileReference; lastKnownFileType = sourcecode.swift; path = ImageScrollingOverlay.swift; sourceTree = "<group>"; };
		59BEC17B2BFCCA5400137C2E /* CardImageIndicator.swift */ = {isa = PBXFileReference; lastKnownFileType = sourcecode.swift; path = CardImageIndicator.swift; sourceTree = "<group>"; };
		59BEC17D2BFDFF2800137C2E /* CardStackView.swift */ = {isa = PBXFileReference; lastKnownFileType = sourcecode.swift; path = CardStackView.swift; sourceTree = "<group>"; };
		59BEC1812BFEA3F100137C2E /* User.swift */ = {isa = PBXFileReference; lastKnownFileType = sourcecode.swift; path = User.swift; sourceTree = "<group>"; };
		59BEC1842BFEA4F200137C2E /* CardModel.swift */ = {isa = PBXFileReference; lastKnownFileType = sourcecode.swift; path = CardModel.swift; sourceTree = "<group>"; };
		59BEC1872BFF65C800137C2E /* CardViewModel.swift */ = {isa = PBXFileReference; lastKnownFileType = sourcecode.swift; path = CardViewModel.swift; sourceTree = "<group>"; };
		59BEC18A2BFF68AD00137C2E /* CardService.swift */ = {isa = PBXFileReference; lastKnownFileType = sourcecode.swift; path = CardService.swift; sourceTree = "<group>"; };
		59BEC18D2BFF6CCB00137C2E /* MockData.swift */ = {isa = PBXFileReference; lastKnownFileType = sourcecode.swift; path = MockData.swift; sourceTree = "<group>"; };
/* End PBXFileReference section */

/* Begin PBXFrameworksBuildPhase section */
		593018332BF38567004286BF /* Frameworks */ = {
			isa = PBXFrameworksBuildPhase;
			buildActionMask = 2147483647;
			files = (
			);
			runOnlyForDeploymentPostprocessing = 0;
		};
/* End PBXFrameworksBuildPhase section */

/* Begin PBXGroup section */
		5930182D2BF38567004286BF = {
			isa = PBXGroup;
			children = (
				593018382BF38567004286BF /* TinderTutorial */,
				593018372BF38567004286BF /* Products */,
			);
			sourceTree = "<group>";
		};
		593018372BF38567004286BF /* Products */ = {
			isa = PBXGroup;
			children = (
				593018362BF38567004286BF /* TinderTutorial.app */,
			);
			name = Products;
			sourceTree = "<group>";
		};
		593018382BF38567004286BF /* TinderTutorial */ = {
			isa = PBXGroup;
			children = (
				5930184B2BF38618004286BF /* Utils */,
				5930184A2BF38610004286BF /* Shared */,
				593018492BF38600004286BF /* Extensions */,
				593018482BF385B5004286BF /* Core */,
				593018472BF385A6004286BF /* App */,
				593018392BF38567004286BF /* TinderTutorialApp.swift */,
				5930183B2BF38567004286BF /* ContentView.swift */,
				5930183D2BF38569004286BF /* Assets.xcassets */,
				5930183F2BF38569004286BF /* Preview Content */,
			);
			path = TinderTutorial;
			sourceTree = "<group>";
		};
		5930183F2BF38569004286BF /* Preview Content */ = {
			isa = PBXGroup;
			children = (
				593018402BF38569004286BF /* Preview Assets.xcassets */,
			);
			path = "Preview Content";
			sourceTree = "<group>";
		};
		593018472BF385A6004286BF /* App */ = {
			isa = PBXGroup;
			children = (
			);
			path = App;
			sourceTree = "<group>";
		};
		593018482BF385B5004286BF /* Core */ = {
			isa = PBXGroup;
			children = (
				593018502BF386D0004286BF /* Profile */,
				5930184F2BF3868C004286BF /* Messaging */,
				5930184E2BF38672004286BF /* Search */,
				5930184D2BF38662004286BF /* Cards */,
				5930184C2BF38653004286BF /* TabBar */,
			);
			path = Core;
			sourceTree = "<group>";
		};
		593018492BF38600004286BF /* Extensions */ = {
			isa = PBXGroup;
			children = (
			);
			path = Extensions;
			sourceTree = "<group>";
		};
		5930184A2BF38610004286BF /* Shared */ = {
			isa = PBXGroup;
			children = (
				59BEC17F2BFEA3D100137C2E /* Users */,
			);
			path = Shared;
			sourceTree = "<group>";
		};
		5930184B2BF38618004286BF /* Utils */ = {
			isa = PBXGroup;
			children = (
				59BEC18C2BFF6C6200137C2E /* MockData */,
				59BEC1762BFC9E8200137C2E /* Constants */,
			);
			path = Utils;
			sourceTree = "<group>";
		};
		5930184C2BF38653004286BF /* TabBar */ = {
			isa = PBXGroup;
			children = (
				593018512BF38708004286BF /* MainTabView.swift */,
			);
			path = TabBar;
			sourceTree = "<group>";
		};
		5930184D2BF38662004286BF /* Cards */ = {
			isa = PBXGroup;
			children = (
				59BEC1892BFF688800137C2E /* Service */,
				59BEC1862BFF65A900137C2E /* ViewModel */,
				59BEC1832BFEA4A600137C2E /* Model */,
				59BEC1712BFC679A00137C2E /* Views */,
			);
			path = Cards;
			sourceTree = "<group>";
		};
		5930184E2BF38672004286BF /* Search */ = {
			isa = PBXGroup;
			children = (
			);
			path = Search;
			sourceTree = "<group>";
		};
		5930184F2BF3868C004286BF /* Messaging */ = {
			isa = PBXGroup;
			children = (
			);
			path = Messaging;
			sourceTree = "<group>";
		};
		593018502BF386D0004286BF /* Profile */ = {
			isa = PBXGroup;
			children = (
			);
			path = Profile;
			sourceTree = "<group>";
		};
		59BEC1712BFC679A00137C2E /* Views */ = {
			isa = PBXGroup;
			children = (
				59B3EA7D2BFBF46600B4EB07 /* CardView.swift */,
				59BEC1722BFC67E300137C2E /* UserInfoView.swift */,
				59BEC1742BFC826E00137C2E /* SwipeActionIndirecator.swift */,
				59BEC1792BFCA45400137C2E /* ImageScrollingOverlay.swift */,
				59BEC17B2BFCCA5400137C2E /* CardImageIndicator.swift */,
				59BEC17D2BFDFF2800137C2E /* CardStackView.swift */,
			);
			path = Views;
			sourceTree = "<group>";
		};
		59BEC1762BFC9E8200137C2E /* Constants */ = {
			isa = PBXGroup;
			children = (
				59BEC1772BFC9EA100137C2E /* SizeConstants.swift */,
			);
			path = Constants;
			sourceTree = "<group>";
		};
		59BEC17F2BFEA3D100137C2E /* Users */ = {
			isa = PBXGroup;
			children = (
				59BEC1802BFEA3DD00137C2E /* Model */,
			);
			path = Users;
			sourceTree = "<group>";
		};
		59BEC1802BFEA3DD00137C2E /* Model */ = {
			isa = PBXGroup;
			children = (
				59BEC1812BFEA3F100137C2E /* User.swift */,
			);
			path = Model;
			sourceTree = "<group>";
		};
		59BEC1832BFEA4A600137C2E /* Model */ = {
			isa = PBXGroup;
			children = (
				59BEC1842BFEA4F200137C2E /* CardModel.swift */,
			);
			path = Model;
			sourceTree = "<group>";
		};
		59BEC1862BFF65A900137C2E /* ViewModel */ = {
			isa = PBXGroup;
			children = (
				59BEC1872BFF65C800137C2E /* CardViewModel.swift */,
			);
			path = ViewModel;
			sourceTree = "<group>";
		};
		59BEC1892BFF688800137C2E /* Service */ = {
			isa = PBXGroup;
			children = (
				59BEC18A2BFF68AD00137C2E /* CardService.swift */,
			);
			path = Service;
			sourceTree = "<group>";
		};
		59BEC18C2BFF6C6200137C2E /* MockData */ = {
			isa = PBXGroup;
			children = (
				59BEC18D2BFF6CCB00137C2E /* MockData.swift */,
			);
			path = MockData;
			sourceTree = "<group>";
		};
/* End PBXGroup section */

/* Begin PBXNativeTarget section */
		593018352BF38567004286BF /* TinderTutorial */ = {
			isa = PBXNativeTarget;
			buildConfigurationList = 593018442BF38569004286BF /* Build configuration list for PBXNativeTarget "TinderTutorial" */;
			buildPhases = (
				593018322BF38567004286BF /* Sources */,
				593018332BF38567004286BF /* Frameworks */,
				593018342BF38567004286BF /* Resources */,
			);
			buildRules = (
			);
			dependencies = (
			);
			name = TinderTutorial;
			productName = TinderTutorial;
			productReference = 593018362BF38567004286BF /* TinderTutorial.app */;
			productType = "com.apple.product-type.application";
		};
/* End PBXNativeTarget section */

/* Begin PBXProject section */
		5930182E2BF38567004286BF /* Project object */ = {
			isa = PBXProject;
			attributes = {
				BuildIndependentTargetsInParallel = 1;
				LastSwiftUpdateCheck = 1530;
				LastUpgradeCheck = 1530;
				TargetAttributes = {
					593018352BF38567004286BF = {
						CreatedOnToolsVersion = 15.3;
					};
				};
			};
			buildConfigurationList = 593018312BF38567004286BF /* Build configuration list for PBXProject "TinderTutorial" */;
			compatibilityVersion = "Xcode 14.0";
			developmentRegion = en;
			hasScannedForEncodings = 0;
			knownRegions = (
				en,
				Base,
			);
			mainGroup = 5930182D2BF38567004286BF;
			productRefGroup = 593018372BF38567004286BF /* Products */;
			projectDirPath = "";
			projectRoot = "";
			targets = (
				593018352BF38567004286BF /* TinderTutorial */,
			);
		};
/* End PBXProject section */

/* Begin PBXResourcesBuildPhase section */
		593018342BF38567004286BF /* Resources */ = {
			isa = PBXResourcesBuildPhase;
			buildActionMask = 2147483647;
			files = (
				593018412BF38569004286BF /* Preview Assets.xcassets in Resources */,
				5930183E2BF38569004286BF /* Assets.xcassets in Resources */,
			);
			runOnlyForDeploymentPostprocessing = 0;
		};
/* End PBXResourcesBuildPhase section */

/* Begin PBXSourcesBuildPhase section */
		593018322BF38567004286BF /* Sources */ = {
			isa = PBXSourcesBuildPhase;
			buildActionMask = 2147483647;
			files = (
				59BEC17C2BFCCA5400137C2E /* CardImageIndicator.swift in Sources */,
				59BEC18B2BFF68AD00137C2E /* CardService.swift in Sources */,
				59BEC17A2BFCA45400137C2E /* ImageScrollingOverlay.swift in Sources */,
				593018522BF38708004286BF /* MainTabView.swift in Sources */,
				59BEC18E2BFF6CCB00137C2E /* MockData.swift in Sources */,
				59BEC1752BFC826E00137C2E /* SwipeActionIndirecator.swift in Sources */,
				5930183C2BF38567004286BF /* ContentView.swift in Sources */,
				59BEC1852BFEA4F200137C2E /* CardModel.swift in Sources */,
				59BEC17E2BFDFF2800137C2E /* CardStackView.swift in Sources */,
				59B3EA7E2BFBF46600B4EB07 /* CardView.swift in Sources */,
				59BEC1882BFF65C800137C2E /* CardViewModel.swift in Sources */,
				59BEC1782BFC9EA100137C2E /* SizeConstants.swift in Sources */,
				5930183A2BF38567004286BF /* TinderTutorialApp.swift in Sources */,
				59BEC1732BFC67E300137C2E /* UserInfoView.swift in Sources */,
				59BEC1822BFEA3F100137C2E /* User.swift in Sources */,
			);
			runOnlyForDeploymentPostprocessing = 0;
		};
/* End PBXSourcesBuildPhase section */

/* Begin XCBuildConfiguration section */
		593018422BF38569004286BF /* Debug */ = {
			isa = XCBuildConfiguration;
			buildSettings = {
				ALWAYS_SEARCH_USER_PATHS = NO;
				ASSETCATALOG_COMPILER_GENERATE_SWIFT_ASSET_SYMBOL_EXTENSIONS = YES;
				CLANG_ANALYZER_NONNULL = YES;
				CLANG_ANALYZER_NUMBER_OBJECT_CONVERSION = YES_AGGRESSIVE;
				CLANG_CXX_LANGUAGE_STANDARD = "gnu++20";
				CLANG_ENABLE_MODULES = YES;
				CLANG_ENABLE_OBJC_ARC = YES;
				CLANG_ENABLE_OBJC_WEAK = YES;
				CLANG_WARN_BLOCK_CAPTURE_AUTORELEASING = YES;
				CLANG_WARN_BOOL_CONVERSION = YES;
				CLANG_WARN_COMMA = YES;
				CLANG_WARN_CONSTANT_CONVERSION = YES;
				CLANG_WARN_DEPRECATED_OBJC_IMPLEMENTATIONS = YES;
				CLANG_WARN_DIRECT_OBJC_ISA_USAGE = YES_ERROR;
				CLANG_WARN_DOCUMENTATION_COMMENTS = YES;
				CLANG_WARN_EMPTY_BODY = YES;
				CLANG_WARN_ENUM_CONVERSION = YES;
				CLANG_WARN_INFINITE_RECURSION = YES;
				CLANG_WARN_INT_CONVERSION = YES;
				CLANG_WARN_NON_LITERAL_NULL_CONVERSION = YES;
				CLANG_WARN_OBJC_IMPLICIT_RETAIN_SELF = YES;
				CLANG_WARN_OBJC_LITERAL_CONVERSION = YES;
				CLANG_WARN_OBJC_ROOT_CLASS = YES_ERROR;
				CLANG_WARN_QUOTED_INCLUDE_IN_FRAMEWORK_HEADER = YES;
				CLANG_WARN_RANGE_LOOP_ANALYSIS = YES;
				CLANG_WARN_STRICT_PROTOTYPES = YES;
				CLANG_WARN_SUSPICIOUS_MOVE = YES;
				CLANG_WARN_UNGUARDED_AVAILABILITY = YES_AGGRESSIVE;
				CLANG_WARN_UNREACHABLE_CODE = YES;
				CLANG_WARN__DUPLICATE_METHOD_MATCH = YES;
				COPY_PHASE_STRIP = NO;
				DEBUG_INFORMATION_FORMAT = dwarf;
				ENABLE_STRICT_OBJC_MSGSEND = YES;
				ENABLE_TESTABILITY = YES;
				ENABLE_USER_SCRIPT_SANDBOXING = YES;
				GCC_C_LANGUAGE_STANDARD = gnu17;
				GCC_DYNAMIC_NO_PIC = NO;
				GCC_NO_COMMON_BLOCKS = YES;
				GCC_OPTIMIZATION_LEVEL = 0;
				GCC_PREPROCESSOR_DEFINITIONS = (
					"DEBUG=1",
					"$(inherited)",
				);
				GCC_WARN_64_TO_32_BIT_CONVERSION = YES;
				GCC_WARN_ABOUT_RETURN_TYPE = YES_ERROR;
				GCC_WARN_UNDECLARED_SELECTOR = YES;
				GCC_WARN_UNINITIALIZED_AUTOS = YES_AGGRESSIVE;
				GCC_WARN_UNUSED_FUNCTION = YES;
				GCC_WARN_UNUSED_VARIABLE = YES;
				IPHONEOS_DEPLOYMENT_TARGET = 17.4;
				LOCALIZATION_PREFERS_STRING_CATALOGS = YES;
				MTL_ENABLE_DEBUG_INFO = INCLUDE_SOURCE;
				MTL_FAST_MATH = YES;
				ONLY_ACTIVE_ARCH = YES;
				SDKROOT = iphoneos;
				SWIFT_ACTIVE_COMPILATION_CONDITIONS = "DEBUG $(inherited)";
				SWIFT_OPTIMIZATION_LEVEL = "-Onone";
			};
			name = Debug;
		};
		593018432BF38569004286BF /* Release */ = {
			isa = XCBuildConfiguration;
			buildSettings = {
				ALWAYS_SEARCH_USER_PATHS = NO;
				ASSETCATALOG_COMPILER_GENERATE_SWIFT_ASSET_SYMBOL_EXTENSIONS = YES;
				CLANG_ANALYZER_NONNULL = YES;
				CLANG_ANALYZER_NUMBER_OBJECT_CONVERSION = YES_AGGRESSIVE;
				CLANG_CXX_LANGUAGE_STANDARD = "gnu++20";
				CLANG_ENABLE_MODULES = YES;
				CLANG_ENABLE_OBJC_ARC = YES;
				CLANG_ENABLE_OBJC_WEAK = YES;
				CLANG_WARN_BLOCK_CAPTURE_AUTORELEASING = YES;
				CLANG_WARN_BOOL_CONVERSION = YES;
				CLANG_WARN_COMMA = YES;
				CLANG_WARN_CONSTANT_CONVERSION = YES;
				CLANG_WARN_DEPRECATED_OBJC_IMPLEMENTATIONS = YES;
				CLANG_WARN_DIRECT_OBJC_ISA_USAGE = YES_ERROR;
				CLANG_WARN_DOCUMENTATION_COMMENTS = YES;
				CLANG_WARN_EMPTY_BODY = YES;
				CLANG_WARN_ENUM_CONVERSION = YES;
				CLANG_WARN_INFINITE_RECURSION = YES;
				CLANG_WARN_INT_CONVERSION = YES;
				CLANG_WARN_NON_LITERAL_NULL_CONVERSION = YES;
				CLANG_WARN_OBJC_IMPLICIT_RETAIN_SELF = YES;
				CLANG_WARN_OBJC_LITERAL_CONVERSION = YES;
				CLANG_WARN_OBJC_ROOT_CLASS = YES_ERROR;
				CLANG_WARN_QUOTED_INCLUDE_IN_FRAMEWORK_HEADER = YES;
				CLANG_WARN_RANGE_LOOP_ANALYSIS = YES;
				CLANG_WARN_STRICT_PROTOTYPES = YES;
				CLANG_WARN_SUSPICIOUS_MOVE = YES;
				CLANG_WARN_UNGUARDED_AVAILABILITY = YES_AGGRESSIVE;
				CLANG_WARN_UNREACHABLE_CODE = YES;
				CLANG_WARN__DUPLICATE_METHOD_MATCH = YES;
				COPY_PHASE_STRIP = NO;
				DEBUG_INFORMATION_FORMAT = "dwarf-with-dsym";
				ENABLE_NS_ASSERTIONS = NO;
				ENABLE_STRICT_OBJC_MSGSEND = YES;
				ENABLE_USER_SCRIPT_SANDBOXING = YES;
				GCC_C_LANGUAGE_STANDARD = gnu17;
				GCC_NO_COMMON_BLOCKS = YES;
				GCC_WARN_64_TO_32_BIT_CONVERSION = YES;
				GCC_WARN_ABOUT_RETURN_TYPE = YES_ERROR;
				GCC_WARN_UNDECLARED_SELECTOR = YES;
				GCC_WARN_UNINITIALIZED_AUTOS = YES_AGGRESSIVE;
				GCC_WARN_UNUSED_FUNCTION = YES;
				GCC_WARN_UNUSED_VARIABLE = YES;
				IPHONEOS_DEPLOYMENT_TARGET = 17.4;
				LOCALIZATION_PREFERS_STRING_CATALOGS = YES;
				MTL_ENABLE_DEBUG_INFO = NO;
				MTL_FAST_MATH = YES;
				SDKROOT = iphoneos;
				SWIFT_COMPILATION_MODE = wholemodule;
				VALIDATE_PRODUCT = YES;
			};
			name = Release;
		};
		593018452BF38569004286BF /* Debug */ = {
			isa = XCBuildConfiguration;
			buildSettings = {
				ASSETCATALOG_COMPILER_APPICON_NAME = AppIcon;
				ASSETCATALOG_COMPILER_GLOBAL_ACCENT_COLOR_NAME = AccentColor;
				CODE_SIGN_STYLE = Automatic;
				CURRENT_PROJECT_VERSION = 1;
				DEVELOPMENT_ASSET_PATHS = "\"TinderTutorial/Preview Content\"";
				DEVELOPMENT_TEAM = V654JCM75F;
				ENABLE_PREVIEWS = YES;
				GENERATE_INFOPLIST_FILE = YES;
				INFOPLIST_KEY_UIApplicationSceneManifest_Generation = YES;
				INFOPLIST_KEY_UIApplicationSupportsIndirectInputEvents = YES;
				INFOPLIST_KEY_UILaunchScreen_Generation = YES;
				INFOPLIST_KEY_UISupportedInterfaceOrientations_iPad = "UIInterfaceOrientationPortrait UIInterfaceOrientationPortraitUpsideDown UIInterfaceOrientationLandscapeLeft UIInterfaceOrientationLandscapeRight";
				INFOPLIST_KEY_UISupportedInterfaceOrientations_iPhone = "UIInterfaceOrientationPortrait UIInterfaceOrientationLandscapeLeft UIInterfaceOrientationLandscapeRight";
				LD_RUNPATH_SEARCH_PATHS = (
					"$(inherited)",
					"@executable_path/Frameworks",
				);
				MARKETING_VERSION = 1.0;
				PRODUCT_BUNDLE_IDENTIFIER = MaleoGroup.TinderTutorial;
				PRODUCT_NAME = "$(TARGET_NAME)";
				SWIFT_EMIT_LOC_STRINGS = YES;
				SWIFT_VERSION = 5.0;
				TARGETED_DEVICE_FAMILY = "1,2";
			};
			name = Debug;
		};
		593018462BF38569004286BF /* Release */ = {
			isa = XCBuildConfiguration;
			buildSettings = {
				ASSETCATALOG_COMPILER_APPICON_NAME = AppIcon;
				ASSETCATALOG_COMPILER_GLOBAL_ACCENT_COLOR_NAME = AccentColor;
				CODE_SIGN_STYLE = Automatic;
				CURRENT_PROJECT_VERSION = 1;
				DEVELOPMENT_ASSET_PATHS = "\"TinderTutorial/Preview Content\"";
				DEVELOPMENT_TEAM = V654JCM75F;
				ENABLE_PREVIEWS = YES;
				GENERATE_INFOPLIST_FILE = YES;
				INFOPLIST_KEY_UIApplicationSceneManifest_Generation = YES;
				INFOPLIST_KEY_UIApplicationSupportsIndirectInputEvents = YES;
				INFOPLIST_KEY_UILaunchScreen_Generation = YES;
				INFOPLIST_KEY_UISupportedInterfaceOrientations_iPad = "UIInterfaceOrientationPortrait UIInterfaceOrientationPortraitUpsideDown UIInterfaceOrientationLandscapeLeft UIInterfaceOrientationLandscapeRight";
				INFOPLIST_KEY_UISupportedInterfaceOrientations_iPhone = "UIInterfaceOrientationPortrait UIInterfaceOrientationLandscapeLeft UIInterfaceOrientationLandscapeRight";
				LD_RUNPATH_SEARCH_PATHS = (
					"$(inherited)",
					"@executable_path/Frameworks",
				);
				MARKETING_VERSION = 1.0;
				PRODUCT_BUNDLE_IDENTIFIER = MaleoGroup.TinderTutorial;
				PRODUCT_NAME = "$(TARGET_NAME)";
				SWIFT_EMIT_LOC_STRINGS = YES;
				SWIFT_VERSION = 5.0;
				TARGETED_DEVICE_FAMILY = "1,2";
			};
			name = Release;
		};
/* End XCBuildConfiguration section */

/* Begin XCConfigurationList section */
		593018312BF38567004286BF /* Build configuration list for PBXProject "TinderTutorial" */ = {
			isa = XCConfigurationList;
			buildConfigurations = (
				593018422BF38569004286BF /* Debug */,
				593018432BF38569004286BF /* Release */,
			);
			defaultConfigurationIsVisible = 0;
			defaultConfigurationName = Release;
		};
		593018442BF38569004286BF /* Build configuration list for PBXNativeTarget "TinderTutorial" */ = {
			isa = XCConfigurationList;
			buildConfigurations = (
				593018452BF38569004286BF /* Debug */,
				593018462BF38569004286BF /* Release */,
			);
			defaultConfigurationIsVisible = 0;
			defaultConfigurationName = Release;
		};
/* End XCConfigurationList section */
	};
	rootObject = 5930182E2BF38567004286BF /* Project object */;
}
